
Microsoft Visual Studio Solution File, Format Version 12.00
# Visual Studio 15
VisualStudioVersion = 15.0.28010.2019
MinimumVisualStudioVersion = 10.0.40219.1
Project("{FAE04EC0-301F-11D3-BF4B-00C04F79EFBC}") = "ConsoleApp4", "ConsoleApp4\ConsoleApp4.csproj", "{9DC88CC0-DAD2-4FA6-B49C-2DE7B1C5B43E}"
EndProject
Global
	GlobalSection(SolutionConfigurationPlatforms) = preSolution
		Debug|Any CPU = Debug|Any CPU
		Release|Any CPU = Release|Any CPU
	EndGlobalSection
	GlobalSection(ProjectConfigurationPlatforms) = postSolution
		{9DC88CC0-DAD2-4FA6-B49C-2DE7B1C5B43E}.Debug|Any CPU.ActiveCfg = Debug|Any CPU
		{9DC88CC0-DAD2-4FA6-B49C-2DE7B1C5B43E}.Debug|Any CPU.Build.0 = Debug|Any CPU
		{9DC88CC0-DAD2-4FA6-B49C-2DE7B1C5B43E}.Release|Any CPU.ActiveCfg = Release|Any CPU
		{9DC88CC0-DAD2-4FA6-B49C-2DE7B1C5B43E}.Release|Any CPU.Build.0 = Release|Any CPU
	EndGlobalSection
	GlobalSection(SolutionProperties) = preSolution
		HideSolutionNode = FALSE
	EndGlobalSection
	GlobalSection(ExtensibilityGlobals) = postSolution
		SolutionGuid = {4F793AD3-AC3A-44C1-B1AD-AE5F94211CF7}
	EndGlobalSection
EndGlobal
